// !$*UTF8*$!
{
	archiveVersion = 1;
	classes = {
	};
	objectVersion = 50;
	objects = {

/* Begin PBXBuildFile section */
		84802A5121C9B72600F5A129 /* EmployeesController+TableView.swift in Sources */ = {isa = PBXBuildFile; fileRef = 84802A5021C9B72600F5A129 /* EmployeesController+TableView.swift */; };
		849F6CA721C459460049B229 /* AppDelegate.swift in Sources */ = {isa = PBXBuildFile; fileRef = 849F6CA621C459460049B229 /* AppDelegate.swift */; };
		849F6CA921C459460049B229 /* CompaniesController.swift in Sources */ = {isa = PBXBuildFile; fileRef = 849F6CA821C459460049B229 /* CompaniesController.swift */; };
		849F6CAC21C459460049B229 /* Main.storyboard in Resources */ = {isa = PBXBuildFile; fileRef = 849F6CAA21C459460049B229 /* Main.storyboard */; };
		849F6CAE21C459490049B229 /* Assets.xcassets in Resources */ = {isa = PBXBuildFile; fileRef = 849F6CAD21C459490049B229 /* Assets.xcassets */; };
		849F6CB121C459490049B229 /* LaunchScreen.storyboard in Resources */ = {isa = PBXBuildFile; fileRef = 849F6CAF21C459490049B229 /* LaunchScreen.storyboard */; };
		849F6CB921C469E50049B229 /* Extensions.swift in Sources */ = {isa = PBXBuildFile; fileRef = 849F6CB821C469E50049B229 /* Extensions.swift */; };
		849F6CBB21C46AAA0049B229 /* CustomNavigationController.swift in Sources */ = {isa = PBXBuildFile; fileRef = 849F6CBA21C46AAA0049B229 /* CustomNavigationController.swift */; };
		849F6CC321C544F00049B229 /* CreateCompanyController.swift in Sources */ = {isa = PBXBuildFile; fileRef = 849F6CC221C544F00049B229 /* CreateCompanyController.swift */; };
		849F6CC621C573AF0049B229 /* CoreDataFile.xcdatamodeld in Sources */ = {isa = PBXBuildFile; fileRef = 849F6CC421C573AF0049B229 /* CoreDataFile.xcdatamodeld */; };
		849F6CC821C5889A0049B229 /* CoreDataManager.swift in Sources */ = {isa = PBXBuildFile; fileRef = 849F6CC721C5889A0049B229 /* CoreDataManager.swift */; };
		849F6CCC21C6BF520049B229 /* CompanyCell.swift in Sources */ = {isa = PBXBuildFile; fileRef = 849F6CCB21C6BF520049B229 /* CompanyCell.swift */; };
		849F6CCF21C6CC9A0049B229 /* CompaniesController+TableView.swift in Sources */ = {isa = PBXBuildFile; fileRef = 849F6CCE21C6CC9A0049B229 /* CompaniesController+TableView.swift */; };
		849F6CD121C6CD100049B229 /* CompaniesController+CreateCompaniesControllerDelegate.swift in Sources */ = {isa = PBXBuildFile; fileRef = 849F6CD021C6CD100049B229 /* CompaniesController+CreateCompaniesControllerDelegate.swift */; };
		849F6CFA21C808240049B229 /* EmployeesController.swift in Sources */ = {isa = PBXBuildFile; fileRef = 849F6CF921C808240049B229 /* EmployeesController.swift */; };
		84FF0D3121C80CBC00DB5A25 /* CreateEmployeeController.swift in Sources */ = {isa = PBXBuildFile; fileRef = 84FF0D3021C80CBC00DB5A25 /* CreateEmployeeController.swift */; };
/* End PBXBuildFile section */

/* Begin PBXFileReference section */
		84802A5021C9B72600F5A129 /* EmployeesController+TableView.swift */ = {isa = PBXFileReference; lastKnownFileType = sourcecode.swift; path = "EmployeesController+TableView.swift"; sourceTree = "<group>"; };
		849F6CA321C459460049B229 /* CoreDataTest-EmployeeToCompany.app */ = {isa = PBXFileReference; explicitFileType = wrapper.application; includeInIndex = 0; path = "CoreDataTest-EmployeeToCompany.app"; sourceTree = BUILT_PRODUCTS_DIR; };
		849F6CA621C459460049B229 /* AppDelegate.swift */ = {isa = PBXFileReference; lastKnownFileType = sourcecode.swift; path = AppDelegate.swift; sourceTree = "<group>"; };
		849F6CA821C459460049B229 /* CompaniesController.swift */ = {isa = PBXFileReference; lastKnownFileType = sourcecode.swift; path = CompaniesController.swift; sourceTree = "<group>"; };
		849F6CAB21C459460049B229 /* Base */ = {isa = PBXFileReference; lastKnownFileType = file.storyboard; name = Base; path = Base.lproj/Main.storyboard; sourceTree = "<group>"; };
		849F6CAD21C459490049B229 /* Assets.xcassets */ = {isa = PBXFileReference; lastKnownFileType = folder.assetcatalog; path = Assets.xcassets; sourceTree = "<group>"; };
		849F6CB021C459490049B229 /* Base */ = {isa = PBXFileReference; lastKnownFileType = file.storyboard; name = Base; path = Base.lproj/LaunchScreen.storyboard; sourceTree = "<group>"; };
		849F6CB221C459490049B229 /* Info.plist */ = {isa = PBXFileReference; lastKnownFileType = text.plist.xml; path = Info.plist; sourceTree = "<group>"; };
		849F6CB821C469E50049B229 /* Extensions.swift */ = {isa = PBXFileReference; lastKnownFileType = sourcecode.swift; path = Extensions.swift; sourceTree = "<group>"; };
		849F6CBA21C46AAA0049B229 /* CustomNavigationController.swift */ = {isa = PBXFileReference; lastKnownFileType = sourcecode.swift; path = CustomNavigationController.swift; sourceTree = "<group>"; };
		849F6CC221C544F00049B229 /* CreateCompanyController.swift */ = {isa = PBXFileReference; lastKnownFileType = sourcecode.swift; path = CreateCompanyController.swift; sourceTree = "<group>"; };
		849F6CC521C573AF0049B229 /* CoreDataFile.xcdatamodel */ = {isa = PBXFileReference; lastKnownFileType = wrapper.xcdatamodel; path = CoreDataFile.xcdatamodel; sourceTree = "<group>"; };
		849F6CC721C5889A0049B229 /* CoreDataManager.swift */ = {isa = PBXFileReference; lastKnownFileType = sourcecode.swift; path = CoreDataManager.swift; sourceTree = "<group>"; };
		849F6CCB21C6BF520049B229 /* CompanyCell.swift */ = {isa = PBXFileReference; lastKnownFileType = sourcecode.swift; path = CompanyCell.swift; sourceTree = "<group>"; };
		849F6CCE21C6CC9A0049B229 /* CompaniesController+TableView.swift */ = {isa = PBXFileReference; lastKnownFileType = sourcecode.swift; path = "CompaniesController+TableView.swift"; sourceTree = "<group>"; };
		849F6CD021C6CD100049B229 /* CompaniesController+CreateCompaniesControllerDelegate.swift */ = {isa = PBXFileReference; lastKnownFileType = sourcecode.swift; path = "CompaniesController+CreateCompaniesControllerDelegate.swift"; sourceTree = "<group>"; };
		849F6CF921C808240049B229 /* EmployeesController.swift */ = {isa = PBXFileReference; lastKnownFileType = sourcecode.swift; path = EmployeesController.swift; sourceTree = "<group>"; };
		84FF0D3021C80CBC00DB5A25 /* CreateEmployeeController.swift */ = {isa = PBXFileReference; lastKnownFileType = sourcecode.swift; path = CreateEmployeeController.swift; sourceTree = "<group>"; };
/* End PBXFileReference section */

/* Begin PBXFrameworksBuildPhase section */
		849F6CA021C459460049B229 /* Frameworks */ = {
			isa = PBXFrameworksBuildPhase;
			buildActionMask = 2147483647;
			files = (
			);
			runOnlyForDeploymentPostprocessing = 0;
		};
/* End PBXFrameworksBuildPhase section */

/* Begin PBXGroup section */
		847D4AE321C82FC7008766A2 /* Helpers */ = {
			isa = PBXGroup;
			children = (
				849F6CBA21C46AAA0049B229 /* CustomNavigationController.swift */,
				849F6CB821C469E50049B229 /* Extensions.swift */,
			);
			path = Helpers;
			sourceTree = "<group>";
		};
		84802A5221C9BD1600F5A129 /* Employee */ = {
			isa = PBXGroup;
			children = (
				84802A5021C9B72600F5A129 /* EmployeesController+TableView.swift */,
				849F6CF921C808240049B229 /* EmployeesController.swift */,
				84FF0D3021C80CBC00DB5A25 /* CreateEmployeeController.swift */,
			);
			name = Employee;
			sourceTree = "<group>";
		};
		849F6C9A21C459460049B229 = {
			isa = PBXGroup;
			children = (
				849F6CA521C459460049B229 /* CoreDataTest-EmployeeToCompany */,
				849F6CA421C459460049B229 /* Products */,
			);
			sourceTree = "<group>";
		};
		849F6CA421C459460049B229 /* Products */ = {
			isa = PBXGroup;
			children = (
				849F6CA321C459460049B229 /* CoreDataTest-EmployeeToCompany.app */,
			);
			name = Products;
			sourceTree = "<group>";
		};
		849F6CA521C459460049B229 /* CoreDataTest-EmployeeToCompany */ = {
			isa = PBXGroup;
			children = (
				849F6CCD21C6C0640049B229 /* Companies */,
				847D4AE321C82FC7008766A2 /* Helpers */,
				849F6CB221C459490049B229 /* Info.plist */,
				849F6CCA21C5B6640049B229 /* Core Data */,
				849F6CC921C5B5E50049B229 /* Support Files */,
			);
			path = "CoreDataTest-EmployeeToCompany";
			sourceTree = "<group>";
		};
		849F6CC921C5B5E50049B229 /* Support Files */ = {
			isa = PBXGroup;
			children = (
				849F6CAF21C459490049B229 /* LaunchScreen.storyboard */,
				849F6CAA21C459460049B229 /* Main.storyboard */,
				849F6CAD21C459490049B229 /* Assets.xcassets */,
				849F6CA621C459460049B229 /* AppDelegate.swift */,
			);
			path = "Support Files";
			sourceTree = "<group>";
		};
		849F6CCA21C5B6640049B229 /* Core Data */ = {
			isa = PBXGroup;
			children = (
				849F6CC421C573AF0049B229 /* CoreDataFile.xcdatamodeld */,
				849F6CC721C5889A0049B229 /* CoreDataManager.swift */,
			);
			path = "Core Data";
			sourceTree = "<group>";
		};
		849F6CCD21C6C0640049B229 /* Companies */ = {
			isa = PBXGroup;
			children = (
				84802A5221C9BD1600F5A129 /* Employee */,
				849F6CC221C544F00049B229 /* CreateCompanyController.swift */,
				849F6CCB21C6BF520049B229 /* CompanyCell.swift */,
				849F6CA821C459460049B229 /* CompaniesController.swift */,
				849F6CCE21C6CC9A0049B229 /* CompaniesController+TableView.swift */,
				849F6CD021C6CD100049B229 /* CompaniesController+CreateCompaniesControllerDelegate.swift */,
			);
			path = Companies;
			sourceTree = "<group>";
		};
/* End PBXGroup section */

/* Begin PBXNativeTarget section */
		849F6CA221C459460049B229 /* CoreDataTest-EmployeeToCompany */ = {
			isa = PBXNativeTarget;
			buildConfigurationList = 849F6CB521C459490049B229 /* Build configuration list for PBXNativeTarget "CoreDataTest-EmployeeToCompany" */;
			buildPhases = (
				849F6C9F21C459460049B229 /* Sources */,
				849F6CA021C459460049B229 /* Frameworks */,
				849F6CA121C459460049B229 /* Resources */,
			);
			buildRules = (
			);
			dependencies = (
			);
			name = "CoreDataTest-EmployeeToCompany";
			productName = "CoreDataTest-EmployeeToCompany";
			productReference = 849F6CA321C459460049B229 /* CoreDataTest-EmployeeToCompany.app */;
			productType = "com.apple.product-type.application";
		};
/* End PBXNativeTarget section */

/* Begin PBXProject section */
		849F6C9B21C459460049B229 /* Project object */ = {
			isa = PBXProject;
			attributes = {
				LastSwiftUpdateCheck = 1010;
				LastUpgradeCheck = 1010;
				ORGANIZATIONNAME = admin;
				TargetAttributes = {
					849F6CA221C459460049B229 = {
						CreatedOnToolsVersion = 10.1;
					};
				};
			};
			buildConfigurationList = 849F6C9E21C459460049B229 /* Build configuration list for PBXProject "CoreDataTest-EmployeeToCompany" */;
			compatibilityVersion = "Xcode 9.3";
			developmentRegion = en;
			hasScannedForEncodings = 0;
			knownRegions = (
				en,
				Base,
			);
			mainGroup = 849F6C9A21C459460049B229;
			productRefGroup = 849F6CA421C459460049B229 /* Products */;
			projectDirPath = "";
			projectRoot = "";
			targets = (
				849F6CA221C459460049B229 /* CoreDataTest-EmployeeToCompany */,
			);
		};
/* End PBXProject section */

/* Begin PBXResourcesBuildPhase section */
		849F6CA121C459460049B229 /* Resources */ = {
			isa = PBXResourcesBuildPhase;
			buildActionMask = 2147483647;
			files = (
				849F6CB121C459490049B229 /* LaunchScreen.storyboard in Resources */,
				849F6CAE21C459490049B229 /* Assets.xcassets in Resources */,
				849F6CAC21C459460049B229 /* Main.storyboard in Resources */,
			);
			runOnlyForDeploymentPostprocessing = 0;
		};
/* End PBXResourcesBuildPhase section */

/* Begin PBXSourcesBuildPhase section */
		849F6C9F21C459460049B229 /* Sources */ = {
			isa = PBXSourcesBuildPhase;
			buildActionMask = 2147483647;
			files = (
				849F6CBB21C46AAA0049B229 /* CustomNavigationController.swift in Sources */,
				84FF0D3121C80CBC00DB5A25 /* CreateEmployeeController.swift in Sources */,
				849F6CB921C469E50049B229 /* Extensions.swift in Sources */,
				849F6CA921C459460049B229 /* CompaniesController.swift in Sources */,
				849F6CCF21C6CC9A0049B229 /* CompaniesController+TableView.swift in Sources */,
				849F6CCC21C6BF520049B229 /* CompanyCell.swift in Sources */,
				849F6CD121C6CD100049B229 /* CompaniesController+CreateCompaniesControllerDelegate.swift in Sources */,
				849F6CFA21C808240049B229 /* EmployeesController.swift in Sources */,
				849F6CC621C573AF0049B229 /* CoreDataFile.xcdatamodeld in Sources */,
				84802A5121C9B72600F5A129 /* EmployeesController+TableView.swift in Sources */,
				849F6CA721C459460049B229 /* AppDelegate.swift in Sources */,
				849F6CC821C5889A0049B229 /* CoreDataManager.swift in Sources */,
				849F6CC321C544F00049B229 /* CreateCompanyController.swift in Sources */,
			);
			runOnlyForDeploymentPostprocessing = 0;
		};
/* End PBXSourcesBuildPhase section */

/* Begin PBXVariantGroup section */
		849F6CAA21C459460049B229 /* Main.storyboard */ = {
			isa = PBXVariantGroup;
			children = (
				849F6CAB21C459460049B229 /* Base */,
			);
			name = Main.storyboard;
			sourceTree = "<group>";
		};
		849F6CAF21C459490049B229 /* LaunchScreen.storyboard */ = {
			isa = PBXVariantGroup;
			children = (
				849F6CB021C459490049B229 /* Base */,
			);
			name = LaunchScreen.storyboard;
			sourceTree = "<group>";
		};
/* End PBXVariantGroup section */

/* Begin XCBuildConfiguration section */
		849F6CB321C459490049B229 /* Debug */ = {
			isa = XCBuildConfiguration;
			buildSettings = {
				ALWAYS_SEARCH_USER_PATHS = NO;
				CLANG_ANALYZER_NONNULL = YES;
				CLANG_ANALYZER_NUMBER_OBJECT_CONVERSION = YES_AGGRESSIVE;
				CLANG_CXX_LANGUAGE_STANDARD = "gnu++14";
				CLANG_CXX_LIBRARY = "libc++";
				CLANG_ENABLE_MODULES = YES;
				CLANG_ENABLE_OBJC_ARC = YES;
				CLANG_ENABLE_OBJC_WEAK = YES;
				CLANG_WARN_BLOCK_CAPTURE_AUTORELEASING = YES;
				CLANG_WARN_BOOL_CONVERSION = YES;
				CLANG_WARN_COMMA = YES;
				CLANG_WARN_CONSTANT_CONVERSION = YES;
				CLANG_WARN_DEPRECATED_OBJC_IMPLEMENTATIONS = YES;
				CLANG_WARN_DIRECT_OBJC_ISA_USAGE = YES_ERROR;
				CLANG_WARN_DOCUMENTATION_COMMENTS = YES;
				CLANG_WARN_EMPTY_BODY = YES;
				CLANG_WARN_ENUM_CONVERSION = YES;
				CLANG_WARN_INFINITE_RECURSION = YES;
				CLANG_WARN_INT_CONVERSION = YES;
				CLANG_WARN_NON_LITERAL_NULL_CONVERSION = YES;
				CLANG_WARN_OBJC_IMPLICIT_RETAIN_SELF = YES;
				CLANG_WARN_OBJC_LITERAL_CONVERSION = YES;
				CLANG_WARN_OBJC_ROOT_CLASS = YES_ERROR;
				CLANG_WARN_RANGE_LOOP_ANALYSIS = YES;
				CLANG_WARN_STRICT_PROTOTYPES = YES;
				CLANG_WARN_SUSPICIOUS_MOVE = YES;
				CLANG_WARN_UNGUARDED_AVAILABILITY = YES_AGGRESSIVE;
				CLANG_WARN_UNREACHABLE_CODE = YES;
				CLANG_WARN__DUPLICATE_METHOD_MATCH = YES;
				CODE_SIGN_IDENTITY = "iPhone Developer";
				COPY_PHASE_STRIP = NO;
				DEBUG_INFORMATION_FORMAT = dwarf;
				ENABLE_STRICT_OBJC_MSGSEND = YES;
				ENABLE_TESTABILITY = YES;
				GCC_C_LANGUAGE_STANDARD = gnu11;
				GCC_DYNAMIC_NO_PIC = NO;
				GCC_NO_COMMON_BLOCKS = YES;
				GCC_OPTIMIZATION_LEVEL = 0;
				GCC_PREPROCESSOR_DEFINITIONS = (
					"DEBUG=1",
					"$(inherited)",
				);
				GCC_WARN_64_TO_32_BIT_CONVERSION = YES;
				GCC_WARN_ABOUT_RETURN_TYPE = YES_ERROR;
				GCC_WARN_UNDECLARED_SELECTOR = YES;
				GCC_WARN_UNINITIALIZED_AUTOS = YES_AGGRESSIVE;
				GCC_WARN_UNUSED_FUNCTION = YES;
				GCC_WARN_UNUSED_VARIABLE = YES;
				IPHONEOS_DEPLOYMENT_TARGET = 12.1;
				MTL_ENABLE_DEBUG_INFO = INCLUDE_SOURCE;
				MTL_FAST_MATH = YES;
				ONLY_ACTIVE_ARCH = YES;
				SDKROOT = iphoneos;
				SWIFT_ACTIVE_COMPILATION_CONDITIONS = DEBUG;
				SWIFT_OPTIMIZATION_LEVEL = "-Onone";
			};
			name = Debug;
		};
		849F6CB421C459490049B229 /* Release */ = {
			isa = XCBuildConfiguration;
			buildSettings = {
				ALWAYS_SEARCH_USER_PATHS = NO;
				CLANG_ANALYZER_NONNULL = YES;
				CLANG_ANALYZER_NUMBER_OBJECT_CONVERSION = YES_AGGRESSIVE;
				CLANG_CXX_LANGUAGE_STANDARD = "gnu++14";
				CLANG_CXX_LIBRARY = "libc++";
				CLANG_ENABLE_MODULES = YES;
				CLANG_ENABLE_OBJC_ARC = YES;
				CLANG_ENABLE_OBJC_WEAK = YES;
				CLANG_WARN_BLOCK_CAPTURE_AUTORELEASING = YES;
				CLANG_WARN_BOOL_CONVERSION = YES;
				CLANG_WARN_COMMA = YES;
				CLANG_WARN_CONSTANT_CONVERSION = YES;
				CLANG_WARN_DEPRECATED_OBJC_IMPLEMENTATIONS = YES;
				CLANG_WARN_DIRECT_OBJC_ISA_USAGE = YES_ERROR;
				CLANG_WARN_DOCUMENTATION_COMMENTS = YES;
				CLANG_WARN_EMPTY_BODY = YES;
				CLANG_WARN_ENUM_CONVERSION = YES;
				CLANG_WARN_INFINITE_RECURSION = YES;
				CLANG_WARN_INT_CONVERSION = YES;
				CLANG_WARN_NON_LITERAL_NULL_CONVERSION = YES;
				CLANG_WARN_OBJC_IMPLICIT_RETAIN_SELF = YES;
				CLANG_WARN_OBJC_LITERAL_CONVERSION = YES;
				CLANG_WARN_OBJC_ROOT_CLASS = YES_ERROR;
				CLANG_WARN_RANGE_LOOP_ANALYSIS = YES;
				CLANG_WARN_STRICT_PROTOTYPES = YES;
				CLANG_WARN_SUSPICIOUS_MOVE = YES;
				CLANG_WARN_UNGUARDED_AVAILABILITY = YES_AGGRESSIVE;
				CLANG_WARN_UNREACHABLE_CODE = YES;
				CLANG_WARN__DUPLICATE_METHOD_MATCH = YES;
				CODE_SIGN_IDENTITY = "iPhone Developer";
				COPY_PHASE_STRIP = NO;
				DEBUG_INFORMATION_FORMAT = "dwarf-with-dsym";
				ENABLE_NS_ASSERTIONS = NO;
				ENABLE_STRICT_OBJC_MSGSEND = YES;
				GCC_C_LANGUAGE_STANDARD = gnu11;
				GCC_NO_COMMON_BLOCKS = YES;
				GCC_WARN_64_TO_32_BIT_CONVERSION = YES;
				GCC_WARN_ABOUT_RETURN_TYPE = YES_ERROR;
				GCC_WARN_UNDECLARED_SELECTOR = YES;
				GCC_WARN_UNINITIALIZED_AUTOS = YES_AGGRESSIVE;
				GCC_WARN_UNUSED_FUNCTION = YES;
				GCC_WARN_UNUSED_VARIABLE = YES;
				IPHONEOS_DEPLOYMENT_TARGET = 12.1;
				MTL_ENABLE_DEBUG_INFO = NO;
				MTL_FAST_MATH = YES;
				SDKROOT = iphoneos;
				SWIFT_COMPILATION_MODE = wholemodule;
				SWIFT_OPTIMIZATION_LEVEL = "-O";
				VALIDATE_PRODUCT = YES;
			};
			name = Release;
		};
		849F6CB621C459490049B229 /* Debug */ = {
			isa = XCBuildConfiguration;
			buildSettings = {
				ASSETCATALOG_COMPILER_APPICON_NAME = AppIcon;
				CODE_SIGN_STYLE = Automatic;
				DEVELOPMENT_TEAM = S47KDE6E7N;
				INFOPLIST_FILE = "CoreDataTest-EmployeeToCompany/Info.plist";
				LD_RUNPATH_SEARCH_PATHS = (
					"$(inherited)",
					"@executable_path/Frameworks",
				);
				PRODUCT_BUNDLE_IDENTIFIER = "edu.asf.we.sa.CoreDataTest-EmployeeToCompany";
				PRODUCT_NAME = "$(TARGET_NAME)";
				SWIFT_VERSION = 4.2;
				TARGETED_DEVICE_FAMILY = "1,2";
			};
			name = Debug;
		};
		849F6CB721C459490049B229 /* Release */ = {
			isa = XCBuildConfiguration;
			buildSettings = {
				ASSETCATALOG_COMPILER_APPICON_NAME = AppIcon;
				CODE_SIGN_STYLE = Automatic;
				DEVELOPMENT_TEAM = S47KDE6E7N;
				INFOPLIST_FILE = "CoreDataTest-EmployeeToCompany/Info.plist";
				LD_RUNPATH_SEARCH_PATHS = (
					"$(inherited)",
					"@executable_path/Frameworks",
				);
				PRODUCT_BUNDLE_IDENTIFIER = "edu.asf.we.sa.CoreDataTest-EmployeeToCompany";
				PRODUCT_NAME = "$(TARGET_NAME)";
				SWIFT_VERSION = 4.2;
				TARGETED_DEVICE_FAMILY = "1,2";
			};
			name = Release;
		};
/* End XCBuildConfiguration section */

/* Begin XCConfigurationList section */
		849F6C9E21C459460049B229 /* Build configuration list for PBXProject "CoreDataTest-EmployeeToCompany" */ = {
			isa = XCConfigurationList;
			buildConfigurations = (
				849F6CB321C459490049B229 /* Debug */,
				849F6CB421C459490049B229 /* Release */,
			);
			defaultConfigurationIsVisible = 0;
			defaultConfigurationName = Release;
		};
		849F6CB521C459490049B229 /* Build configuration list for PBXNativeTarget "CoreDataTest-EmployeeToCompany" */ = {
			isa = XCConfigurationList;
			buildConfigurations = (
				849F6CB621C459490049B229 /* Debug */,
				849F6CB721C459490049B229 /* Release */,
			);
			defaultConfigurationIsVisible = 0;
			defaultConfigurationName = Release;
		};
/* End XCConfigurationList section */

/* Begin XCVersionGroup section */
		849F6CC421C573AF0049B229 /* CoreDataFile.xcdatamodeld */ = {
			isa = XCVersionGroup;
			children = (
				849F6CC521C573AF0049B229 /* CoreDataFile.xcdatamodel */,
			);
			currentVersion = 849F6CC521C573AF0049B229 /* CoreDataFile.xcdatamodel */;
			path = CoreDataFile.xcdatamodeld;
			sourceTree = "<group>";
			versionGroupType = wrapper.xcdatamodel;
		};
/* End XCVersionGroup section */
	};
	rootObject = 849F6C9B21C459460049B229 /* Project object */;
}
